
Microsoft Visual Studio Solution File, Format Version 12.00
# Visual Studio Version 16
VisualStudioVersion = 16.0.33027.164
MinimumVisualStudioVersion = 10.0.40219.1
Project("{FAE04EC0-301F-11D3-BF4B-00C04F79EFBC}") = "File_Handling", "File_Handling.csproj", "{4365F60B-1715-44B6-B881-EBB67743EA1A}"
EndProject
Global
	GlobalSection(SolutionConfigurationPlatforms) = preSolution
		Debug|Any CPU = Debug|Any CPU
		Release|Any CPU = Release|Any CPU
	EndGlobalSection
	GlobalSection(ProjectConfigurationPlatforms) = postSolution
		{4365F60B-1715-44B6-B881-EBB67743EA1A}.Debug|Any CPU.ActiveCfg = Debug|Any CPU
		{4365F60B-1715-44B6-B881-EBB67743EA1A}.Debug|Any CPU.Build.0 = Debug|Any CPU
		{4365F60B-1715-44B6-B881-EBB67743EA1A}.Release|Any CPU.ActiveCfg = Release|Any CPU
		{4365F60B-1715-44B6-B881-EBB67743EA1A}.Release|Any CPU.Build.0 = Release|Any CPU
	EndGlobalSection
	GlobalSection(SolutionProperties) = preSolution
		HideSolutionNode = FALSE
	EndGlobalSection
	GlobalSection(ExtensibilityGlobals) = postSolution
		SolutionGuid = {DDA1C617-01C7-4E12-AF84-BBD12C43FC2E}
	EndGlobalSection
EndGlobal
