
Microsoft Visual Studio Solution File, Format Version 12.00
# Visual Studio Version 16
VisualStudioVersion = 16.0.33027.164
MinimumVisualStudioVersion = 10.0.40219.1
Project("{FAE04EC0-301F-11D3-BF4B-00C04F79EFBC}") = "Debugging", "Debugging.csproj", "{D1642324-A7C7-4209-A289-11450B816563}"
EndProject
Global
	GlobalSection(SolutionConfigurationPlatforms) = preSolution
		Debug|Any CPU = Debug|Any CPU
		Release|Any CPU = Release|Any CPU
	EndGlobalSection
	GlobalSection(ProjectConfigurationPlatforms) = postSolution
		{D1642324-A7C7-4209-A289-11450B816563}.Debug|Any CPU.ActiveCfg = Debug|Any CPU
		{D1642324-A7C7-4209-A289-11450B816563}.Debug|Any CPU.Build.0 = Debug|Any CPU
		{D1642324-A7C7-4209-A289-11450B816563}.Release|Any CPU.ActiveCfg = Release|Any CPU
		{D1642324-A7C7-4209-A289-11450B816563}.Release|Any CPU.Build.0 = Release|Any CPU
	EndGlobalSection
	GlobalSection(SolutionProperties) = preSolution
		HideSolutionNode = FALSE
	EndGlobalSection
	GlobalSection(ExtensibilityGlobals) = postSolution
		SolutionGuid = {C68565ED-F636-405E-927E-3603B57EE5BA}
	EndGlobalSection
EndGlobal
