
Microsoft Visual Studio Solution File, Format Version 12.00
# Visual Studio Version 16
VisualStudioVersion = 16.0.33027.164
MinimumVisualStudioVersion = 10.0.40219.1
Project("{FAE04EC0-301F-11D3-BF4B-00C04F79EFBC}") = "Basic_Array", "Basic_Array.csproj", "{B9F604B3-E57A-4912-A40C-C463A8051400}"
EndProject
Global
	GlobalSection(SolutionConfigurationPlatforms) = preSolution
		Debug|Any CPU = Debug|Any CPU
		Release|Any CPU = Release|Any CPU
	EndGlobalSection
	GlobalSection(ProjectConfigurationPlatforms) = postSolution
		{B9F604B3-E57A-4912-A40C-C463A8051400}.Debug|Any CPU.ActiveCfg = Debug|Any CPU
		{B9F604B3-E57A-4912-A40C-C463A8051400}.Debug|Any CPU.Build.0 = Debug|Any CPU
		{B9F604B3-E57A-4912-A40C-C463A8051400}.Release|Any CPU.ActiveCfg = Release|Any CPU
		{B9F604B3-E57A-4912-A40C-C463A8051400}.Release|Any CPU.Build.0 = Release|Any CPU
	EndGlobalSection
	GlobalSection(SolutionProperties) = preSolution
		HideSolutionNode = FALSE
	EndGlobalSection
	GlobalSection(ExtensibilityGlobals) = postSolution
		SolutionGuid = {3B9CAAD0-474F-45ED-A8F9-4D060D9F87AB}
	EndGlobalSection
EndGlobal
